
Microsoft Visual Studio Solution File, Format Version 12.00
# Visual Studio Version 17
VisualStudioVersion = 17.12.35506.116 d17.12
MinimumVisualStudioVersion = 10.0.40219.1
Project("{2150E333-8FDC-42A3-9474-1A3956D46DE8}") = "FrontEnd", "FrontEnd", "{773342A7-896B-434B-8259-A8AC8B99D737}"
EndProject
Project("{2150E333-8FDC-42A3-9474-1A3956D46DE8}") = "BackEnd", "BackEnd", "{B07ECA92-8F41-4A23-BAA3-99F54338F997}"
EndProject
Project("{2150E333-8FDC-42A3-9474-1A3956D46DE8}") = "Solution Items", "Solution Items", "{CD47D9B1-A148-4808-A81F-F3A9803FC9D9}"
	ProjectSection(SolutionItems) = preProject
		Yönetim Sistemi.txt = Yönetim Sistemi.txt
	EndProjectSection
EndProject
Project("{FAE04EC0-301F-11D3-BF4B-00C04F79EFBC}") = "Entity", "BackEnd\Entity\Entity.csproj", "{13E3AAEB-6997-4179-8D73-00D01ECCF5F4}"
EndProject
Project("{FAE04EC0-301F-11D3-BF4B-00C04F79EFBC}") = "DAL", "BackEnd\DAL\DAL.csproj", "{0996203A-1912-4ED6-81B9-1AA417BC69F6}"
EndProject
Project("{FAE04EC0-301F-11D3-BF4B-00C04F79EFBC}") = "Bussiness", "BackEnd\Bussiness\Bussiness.csproj", "{9126D969-4FFE-4F0B-931F-1EF346407E2B}"
EndProject
Project("{FAE04EC0-301F-11D3-BF4B-00C04F79EFBC}") = "API", "BackEnd\API\API.csproj", "{9D18D6EB-18DE-43F8-BBD8-FC39B3131B5F}"
EndProject
Project("{FAE04EC0-301F-11D3-BF4B-00C04F79EFBC}") = "DTO", "BackEnd\DTO\DTO.csproj", "{53B9A906-073A-45BF-AC20-CC94BD865FFC}"
EndProject
Project("{FAE04EC0-301F-11D3-BF4B-00C04F79EFBC}") = "UI", "FrontEnd\UI\UI.csproj", "{FADA17B7-75C4-49E1-89D7-29D4A4785946}"
EndProject
Global
	GlobalSection(SolutionConfigurationPlatforms) = preSolution
		Debug|Any CPU = Debug|Any CPU
		Release|Any CPU = Release|Any CPU
	EndGlobalSection
	GlobalSection(ProjectConfigurationPlatforms) = postSolution
		{13E3AAEB-6997-4179-8D73-00D01ECCF5F4}.Debug|Any CPU.ActiveCfg = Debug|Any CPU
		{13E3AAEB-6997-4179-8D73-00D01ECCF5F4}.Debug|Any CPU.Build.0 = Debug|Any CPU
		{13E3AAEB-6997-4179-8D73-00D01ECCF5F4}.Release|Any CPU.ActiveCfg = Release|Any CPU
		{13E3AAEB-6997-4179-8D73-00D01ECCF5F4}.Release|Any CPU.Build.0 = Release|Any CPU
		{0996203A-1912-4ED6-81B9-1AA417BC69F6}.Debug|Any CPU.ActiveCfg = Debug|Any CPU
		{0996203A-1912-4ED6-81B9-1AA417BC69F6}.Debug|Any CPU.Build.0 = Debug|Any CPU
		{0996203A-1912-4ED6-81B9-1AA417BC69F6}.Release|Any CPU.ActiveCfg = Release|Any CPU
		{0996203A-1912-4ED6-81B9-1AA417BC69F6}.Release|Any CPU.Build.0 = Release|Any CPU
		{9126D969-4FFE-4F0B-931F-1EF346407E2B}.Debug|Any CPU.ActiveCfg = Debug|Any CPU
		{9126D969-4FFE-4F0B-931F-1EF346407E2B}.Debug|Any CPU.Build.0 = Debug|Any CPU
		{9126D969-4FFE-4F0B-931F-1EF346407E2B}.Release|Any CPU.ActiveCfg = Release|Any CPU
		{9126D969-4FFE-4F0B-931F-1EF346407E2B}.Release|Any CPU.Build.0 = Release|Any CPU
		{9D18D6EB-18DE-43F8-BBD8-FC39B3131B5F}.Debug|Any CPU.ActiveCfg = Debug|Any CPU
		{9D18D6EB-18DE-43F8-BBD8-FC39B3131B5F}.Debug|Any CPU.Build.0 = Debug|Any CPU
		{9D18D6EB-18DE-43F8-BBD8-FC39B3131B5F}.Release|Any CPU.ActiveCfg = Release|Any CPU
		{9D18D6EB-18DE-43F8-BBD8-FC39B3131B5F}.Release|Any CPU.Build.0 = Release|Any CPU
		{53B9A906-073A-45BF-AC20-CC94BD865FFC}.Debug|Any CPU.ActiveCfg = Debug|Any CPU
		{53B9A906-073A-45BF-AC20-CC94BD865FFC}.Debug|Any CPU.Build.0 = Debug|Any CPU
		{53B9A906-073A-45BF-AC20-CC94BD865FFC}.Release|Any CPU.ActiveCfg = Release|Any CPU
		{53B9A906-073A-45BF-AC20-CC94BD865FFC}.Release|Any CPU.Build.0 = Release|Any CPU
		{FADA17B7-75C4-49E1-89D7-29D4A4785946}.Debug|Any CPU.ActiveCfg = Debug|Any CPU
		{FADA17B7-75C4-49E1-89D7-29D4A4785946}.Debug|Any CPU.Build.0 = Debug|Any CPU
		{FADA17B7-75C4-49E1-89D7-29D4A4785946}.Release|Any CPU.ActiveCfg = Release|Any CPU
		{FADA17B7-75C4-49E1-89D7-29D4A4785946}.Release|Any CPU.Build.0 = Release|Any CPU
	EndGlobalSection
	GlobalSection(SolutionProperties) = preSolution
		HideSolutionNode = FALSE
	EndGlobalSection
	GlobalSection(NestedProjects) = preSolution
		{13E3AAEB-6997-4179-8D73-00D01ECCF5F4} = {B07ECA92-8F41-4A23-BAA3-99F54338F997}
		{0996203A-1912-4ED6-81B9-1AA417BC69F6} = {B07ECA92-8F41-4A23-BAA3-99F54338F997}
		{9126D969-4FFE-4F0B-931F-1EF346407E2B} = {B07ECA92-8F41-4A23-BAA3-99F54338F997}
		{9D18D6EB-18DE-43F8-BBD8-FC39B3131B5F} = {B07ECA92-8F41-4A23-BAA3-99F54338F997}
		{53B9A906-073A-45BF-AC20-CC94BD865FFC} = {B07ECA92-8F41-4A23-BAA3-99F54338F997}
		{FADA17B7-75C4-49E1-89D7-29D4A4785946} = {773342A7-896B-434B-8259-A8AC8B99D737}
	EndGlobalSection
EndGlobal
